// !$*UTF8*$!
{
	archiveVersion = 1;
	classes = {
	};
	objectVersion = 50;
	objects = {

/* Begin PBXBuildFile section */
		5B4BD6E5223D65A600F636D7 /* AppDelegate.swift in Sources */ = {isa = PBXBuildFile; fileRef = 5B4BD6E4223D65A600F636D7 /* AppDelegate.swift */; };
		5B4BD6E7223D65A600F636D7 /* FirstViewController.swift in Sources */ = {isa = PBXBuildFile; fileRef = 5B4BD6E6223D65A600F636D7 /* FirstViewController.swift */; };
		5B4BD6E9223D65A600F636D7 /* SecondViewController.swift in Sources */ = {isa = PBXBuildFile; fileRef = 5B4BD6E8223D65A600F636D7 /* SecondViewController.swift */; };
		5B4BD6EC223D65A600F636D7 /* Main.storyboard in Resources */ = {isa = PBXBuildFile; fileRef = 5B4BD6EA223D65A600F636D7 /* Main.storyboard */; };
		5B4BD6EE223D65A700F636D7 /* Assets.xcassets in Resources */ = {isa = PBXBuildFile; fileRef = 5B4BD6ED223D65A700F636D7 /* Assets.xcassets */; };
		5B4BD6F1223D65A700F636D7 /* LaunchScreen.storyboard in Resources */ = {isa = PBXBuildFile; fileRef = 5B4BD6EF223D65A700F636D7 /* LaunchScreen.storyboard */; };
		5B4BD6FC223D65A700F636D7 /* SheHacksAPPTests.swift in Sources */ = {isa = PBXBuildFile; fileRef = 5B4BD6FB223D65A700F636D7 /* SheHacksAPPTests.swift */; };
		5B4BD707223D65A700F636D7 /* SheHacksAPPUITests.swift in Sources */ = {isa = PBXBuildFile; fileRef = 5B4BD706223D65A700F636D7 /* SheHacksAPPUITests.swift */; };
/* End PBXBuildFile section */

/* Begin PBXContainerItemProxy section */
		5B4BD6F8223D65A700F636D7 /* PBXContainerItemProxy */ = {
			isa = PBXContainerItemProxy;
			containerPortal = 5B4BD6D9223D65A600F636D7 /* Project object */;
			proxyType = 1;
			remoteGlobalIDString = 5B4BD6E0223D65A600F636D7;
			remoteInfo = SheHacksAPP;
		};
		5B4BD703223D65A700F636D7 /* PBXContainerItemProxy */ = {
			isa = PBXContainerItemProxy;
			containerPortal = 5B4BD6D9223D65A600F636D7 /* Project object */;
			proxyType = 1;
			remoteGlobalIDString = 5B4BD6E0223D65A600F636D7;
			remoteInfo = SheHacksAPP;
		};
/* End PBXContainerItemProxy section */

/* Begin PBXFileReference section */
		5B4BD6E1223D65A600F636D7 /* SheHacksAPP.app */ = {isa = PBXFileReference; explicitFileType = wrapper.application; includeInIndex = 0; path = SheHacksAPP.app; sourceTree = BUILT_PRODUCTS_DIR; };
		5B4BD6E4223D65A600F636D7 /* AppDelegate.swift */ = {isa = PBXFileReference; lastKnownFileType = sourcecode.swift; path = AppDelegate.swift; sourceTree = "<group>"; };
		5B4BD6E6223D65A600F636D7 /* FirstViewController.swift */ = {isa = PBXFileReference; lastKnownFileType = sourcecode.swift; path = FirstViewController.swift; sourceTree = "<group>"; };
		5B4BD6E8223D65A600F636D7 /* SecondViewController.swift */ = {isa = PBXFileReference; lastKnownFileType = sourcecode.swift; path = SecondViewController.swift; sourceTree = "<group>"; };
		5B4BD6EB223D65A600F636D7 /* Base */ = {isa = PBXFileReference; lastKnownFileType = file.storyboard; name = Base; path = Base.lproj/Main.storyboard; sourceTree = "<group>"; };
		5B4BD6ED223D65A700F636D7 /* Assets.xcassets */ = {isa = PBXFileReference; lastKnownFileType = folder.assetcatalog; path = Assets.xcassets; sourceTree = "<group>"; };
		5B4BD6F0223D65A700F636D7 /* Base */ = {isa = PBXFileReference; lastKnownFileType = file.storyboard; name = Base; path = Base.lproj/LaunchScreen.storyboard; sourceTree = "<group>"; };
		5B4BD6F2223D65A700F636D7 /* Info.plist */ = {isa = PBXFileReference; lastKnownFileType = text.plist.xml; path = Info.plist; sourceTree = "<group>"; };
		5B4BD6F7223D65A700F636D7 /* SheHacksAPPTests.xctest */ = {isa = PBXFileReference; explicitFileType = wrapper.cfbundle; includeInIndex = 0; path = SheHacksAPPTests.xctest; sourceTree = BUILT_PRODUCTS_DIR; };
		5B4BD6FB223D65A700F636D7 /* SheHacksAPPTests.swift */ = {isa = PBXFileReference; lastKnownFileType = sourcecode.swift; path = SheHacksAPPTests.swift; sourceTree = "<group>"; };
		5B4BD6FD223D65A700F636D7 /* Info.plist */ = {isa = PBXFileReference; lastKnownFileType = text.plist.xml; path = Info.plist; sourceTree = "<group>"; };
		5B4BD702223D65A700F636D7 /* SheHacksAPPUITests.xctest */ = {isa = PBXFileReference; explicitFileType = wrapper.cfbundle; includeInIndex = 0; path = SheHacksAPPUITests.xctest; sourceTree = BUILT_PRODUCTS_DIR; };
		5B4BD706223D65A700F636D7 /* SheHacksAPPUITests.swift */ = {isa = PBXFileReference; lastKnownFileType = sourcecode.swift; path = SheHacksAPPUITests.swift; sourceTree = "<group>"; };
		5B4BD708223D65A700F636D7 /* Info.plist */ = {isa = PBXFileReference; lastKnownFileType = text.plist.xml; path = Info.plist; sourceTree = "<group>"; };
/* End PBXFileReference section */

/* Begin PBXFrameworksBuildPhase section */
		5B4BD6DE223D65A600F636D7 /* Frameworks */ = {
			isa = PBXFrameworksBuildPhase;
			buildActionMask = 2147483647;
			files = (
			);
			runOnlyForDeploymentPostprocessing = 0;
		};
		5B4BD6F4223D65A700F636D7 /* Frameworks */ = {
			isa = PBXFrameworksBuildPhase;
			buildActionMask = 2147483647;
			files = (
			);
			runOnlyForDeploymentPostprocessing = 0;
		};
		5B4BD6FF223D65A700F636D7 /* Frameworks */ = {
			isa = PBXFrameworksBuildPhase;
			buildActionMask = 2147483647;
			files = (
			);
			runOnlyForDeploymentPostprocessing = 0;
		};
/* End PBXFrameworksBuildPhase section */

/* Begin PBXGroup section */
		5B4BD6D8223D65A600F636D7 = {
			isa = PBXGroup;
			children = (
				5B4BD6E3223D65A600F636D7 /* SheHacksAPP */,
				5B4BD6FA223D65A700F636D7 /* SheHacksAPPTests */,
				5B4BD705223D65A700F636D7 /* SheHacksAPPUITests */,
				5B4BD6E2223D65A600F636D7 /* Products */,
			);
			sourceTree = "<group>";
		};
		5B4BD6E2223D65A600F636D7 /* Products */ = {
			isa = PBXGroup;
			children = (
				5B4BD6E1223D65A600F636D7 /* SheHacksAPP.app */,
				5B4BD6F7223D65A700F636D7 /* SheHacksAPPTests.xctest */,
				5B4BD702223D65A700F636D7 /* SheHacksAPPUITests.xctest */,
			);
			name = Products;
			sourceTree = "<group>";
		};
		5B4BD6E3223D65A600F636D7 /* SheHacksAPP */ = {
			isa = PBXGroup;
			children = (
				5B4BD6E4223D65A600F636D7 /* AppDelegate.swift */,
				5B4BD6E6223D65A600F636D7 /* FirstViewController.swift */,
				5B4BD6E8223D65A600F636D7 /* SecondViewController.swift */,
				5B4BD6EA223D65A600F636D7 /* Main.storyboard */,
				5B4BD6ED223D65A700F636D7 /* Assets.xcassets */,
				5B4BD6EF223D65A700F636D7 /* LaunchScreen.storyboard */,
				5B4BD6F2223D65A700F636D7 /* Info.plist */,
			);
			path = SheHacksAPP;
			sourceTree = "<group>";
		};
		5B4BD6FA223D65A700F636D7 /* SheHacksAPPTests */ = {
			isa = PBXGroup;
			children = (
				5B4BD6FB223D65A700F636D7 /* SheHacksAPPTests.swift */,
				5B4BD6FD223D65A700F636D7 /* Info.plist */,
			);
			path = SheHacksAPPTests;
			sourceTree = "<group>";
		};
		5B4BD705223D65A700F636D7 /* SheHacksAPPUITests */ = {
			isa = PBXGroup;
			children = (
				5B4BD706223D65A700F636D7 /* SheHacksAPPUITests.swift */,
				5B4BD708223D65A700F636D7 /* Info.plist */,
			);
			path = SheHacksAPPUITests;
			sourceTree = "<group>";
		};
/* End PBXGroup section */

/* Begin PBXNativeTarget section */
		5B4BD6E0223D65A600F636D7 /* SheHacksAPP */ = {
			isa = PBXNativeTarget;
			buildConfigurationList = 5B4BD70B223D65A700F636D7 /* Build configuration list for PBXNativeTarget "SheHacksAPP" */;
			buildPhases = (
				5B4BD6DD223D65A600F636D7 /* Sources */,
				5B4BD6DE223D65A600F636D7 /* Frameworks */,
				5B4BD6DF223D65A600F636D7 /* Resources */,
			);
			buildRules = (
			);
			dependencies = (
			);
			name = SheHacksAPP;
			productName = SheHacksAPP;
			productReference = 5B4BD6E1223D65A600F636D7 /* SheHacksAPP.app */;
			productType = "com.apple.product-type.application";
		};
		5B4BD6F6223D65A700F636D7 /* SheHacksAPPTests */ = {
			isa = PBXNativeTarget;
			buildConfigurationList = 5B4BD70E223D65A700F636D7 /* Build configuration list for PBXNativeTarget "SheHacksAPPTests" */;
			buildPhases = (
				5B4BD6F3223D65A700F636D7 /* Sources */,
				5B4BD6F4223D65A700F636D7 /* Frameworks */,
				5B4BD6F5223D65A700F636D7 /* Resources */,
			);
			buildRules = (
			);
			dependencies = (
				5B4BD6F9223D65A700F636D7 /* PBXTargetDependency */,
			);
			name = SheHacksAPPTests;
			productName = SheHacksAPPTests;
			productReference = 5B4BD6F7223D65A700F636D7 /* SheHacksAPPTests.xctest */;
			productType = "com.apple.product-type.bundle.unit-test";
		};
		5B4BD701223D65A700F636D7 /* SheHacksAPPUITests */ = {
			isa = PBXNativeTarget;
			buildConfigurationList = 5B4BD711223D65A700F636D7 /* Build configuration list for PBXNativeTarget "SheHacksAPPUITests" */;
			buildPhases = (
				5B4BD6FE223D65A700F636D7 /* Sources */,
				5B4BD6FF223D65A700F636D7 /* Frameworks */,
				5B4BD700223D65A700F636D7 /* Resources */,
			);
			buildRules = (
			);
			dependencies = (
				5B4BD704223D65A700F636D7 /* PBXTargetDependency */,
			);
			name = SheHacksAPPUITests;
			productName = SheHacksAPPUITests;
			productReference = 5B4BD702223D65A700F636D7 /* SheHacksAPPUITests.xctest */;
			productType = "com.apple.product-type.bundle.ui-testing";
		};
/* End PBXNativeTarget section */

/* Begin PBXProject section */
		5B4BD6D9223D65A600F636D7 /* Project object */ = {
			isa = PBXProject;
			attributes = {
				LastSwiftUpdateCheck = 1020;
				LastUpgradeCheck = 1020;
				ORGANIZATIONNAME = "Kavita Bassi";
				TargetAttributes = {
					5B4BD6E0223D65A600F636D7 = {
						CreatedOnToolsVersion = 10.2;
					};
					5B4BD6F6223D65A700F636D7 = {
						CreatedOnToolsVersion = 10.2;
						TestTargetID = 5B4BD6E0223D65A600F636D7;
					};
					5B4BD701223D65A700F636D7 = {
						CreatedOnToolsVersion = 10.2;
						TestTargetID = 5B4BD6E0223D65A600F636D7;
					};
				};
			};
			buildConfigurationList = 5B4BD6DC223D65A600F636D7 /* Build configuration list for PBXProject "SheHacksAPP" */;
			compatibilityVersion = "Xcode 9.3";
			developmentRegion = en;
			hasScannedForEncodings = 0;
			knownRegions = (
				en,
				Base,
			);
			mainGroup = 5B4BD6D8223D65A600F636D7;
			productRefGroup = 5B4BD6E2223D65A600F636D7 /* Products */;
			projectDirPath = "";
			projectRoot = "";
			targets = (
				5B4BD6E0223D65A600F636D7 /* SheHacksAPP */,
				5B4BD6F6223D65A700F636D7 /* SheHacksAPPTests */,
				5B4BD701223D65A700F636D7 /* SheHacksAPPUITests */,
			);
		};
/* End PBXProject section */

/* Begin PBXResourcesBuildPhase section */
		5B4BD6DF223D65A600F636D7 /* Resources */ = {
			isa = PBXResourcesBuildPhase;
			buildActionMask = 2147483647;
			files = (
				5B4BD6F1223D65A700F636D7 /* LaunchScreen.storyboard in Resources */,
				5B4BD6EE223D65A700F636D7 /* Assets.xcassets in Resources */,
				5B4BD6EC223D65A600F636D7 /* Main.storyboard in Resources */,
			);
			runOnlyForDeploymentPostprocessing = 0;
		};
		5B4BD6F5223D65A700F636D7 /* Resources */ = {
			isa = PBXResourcesBuildPhase;
			buildActionMask = 2147483647;
			files = (
			);
			runOnlyForDeploymentPostprocessing = 0;
		};
		5B4BD700223D65A700F636D7 /* Resources */ = {
			isa = PBXResourcesBuildPhase;
			buildActionMask = 2147483647;
			files = (
			);
			runOnlyForDeploymentPostprocessing = 0;
		};
/* End PBXResourcesBuildPhase section */

/* Begin PBXSourcesBuildPhase section */
		5B4BD6DD223D65A600F636D7 /* Sources */ = {
			isa = PBXSourcesBuildPhase;
			buildActionMask = 2147483647;
			files = (
				5B4BD6E9223D65A600F636D7 /* SecondViewController.swift in Sources */,
				5B4BD6E5223D65A600F636D7 /* AppDelegate.swift in Sources */,
				5B4BD6E7223D65A600F636D7 /* FirstViewController.swift in Sources */,
			);
			runOnlyForDeploymentPostprocessing = 0;
		};
		5B4BD6F3223D65A700F636D7 /* Sources */ = {
			isa = PBXSourcesBuildPhase;
			buildActionMask = 2147483647;
			files = (
				5B4BD6FC223D65A700F636D7 /* SheHacksAPPTests.swift in Sources */,
			);
			runOnlyForDeploymentPostprocessing = 0;
		};
		5B4BD6FE223D65A700F636D7 /* Sources */ = {
			isa = PBXSourcesBuildPhase;
			buildActionMask = 2147483647;
			files = (
				5B4BD707223D65A700F636D7 /* SheHacksAPPUITests.swift in Sources */,
			);
			runOnlyForDeploymentPostprocessing = 0;
		};
/* End PBXSourcesBuildPhase section */

/* Begin PBXTargetDependency section */
		5B4BD6F9223D65A700F636D7 /* PBXTargetDependency */ = {
			isa = PBXTargetDependency;
			target = 5B4BD6E0223D65A600F636D7 /* SheHacksAPP */;
			targetProxy = 5B4BD6F8223D65A700F636D7 /* PBXContainerItemProxy */;
		};
		5B4BD704223D65A700F636D7 /* PBXTargetDependency */ = {
			isa = PBXTargetDependency;
			target = 5B4BD6E0223D65A600F636D7 /* SheHacksAPP */;
			targetProxy = 5B4BD703223D65A700F636D7 /* PBXContainerItemProxy */;
		};
/* End PBXTargetDependency section */

/* Begin PBXVariantGroup section */
		5B4BD6EA223D65A600F636D7 /* Main.storyboard */ = {
			isa = PBXVariantGroup;
			children = (
				5B4BD6EB223D65A600F636D7 /* Base */,
			);
			name = Main.storyboard;
			sourceTree = "<group>";
		};
		5B4BD6EF223D65A700F636D7 /* LaunchScreen.storyboard */ = {
			isa = PBXVariantGroup;
			children = (
				5B4BD6F0223D65A700F636D7 /* Base */,
			);
			name = LaunchScreen.storyboard;
			sourceTree = "<group>";
		};
/* End PBXVariantGroup section */

/* Begin XCBuildConfiguration section */
		5B4BD709223D65A700F636D7 /* Debug */ = {
			isa = XCBuildConfiguration;
			buildSettings = {
				ALWAYS_SEARCH_USER_PATHS = NO;
				CLANG_ANALYZER_NONNULL = YES;
				CLANG_ANALYZER_NUMBER_OBJECT_CONVERSION = YES_AGGRESSIVE;
				CLANG_CXX_LANGUAGE_STANDARD = "gnu++14";
				CLANG_CXX_LIBRARY = "libc++";
				CLANG_ENABLE_MODULES = YES;
				CLANG_ENABLE_OBJC_ARC = YES;
				CLANG_ENABLE_OBJC_WEAK = YES;
				CLANG_WARN_BLOCK_CAPTURE_AUTORELEASING = YES;
				CLANG_WARN_BOOL_CONVERSION = YES;
				CLANG_WARN_COMMA = YES;
				CLANG_WARN_CONSTANT_CONVERSION = YES;
				CLANG_WARN_DEPRECATED_OBJC_IMPLEMENTATIONS = YES;
				CLANG_WARN_DIRECT_OBJC_ISA_USAGE = YES_ERROR;
				CLANG_WARN_DOCUMENTATION_COMMENTS = YES;
				CLANG_WARN_EMPTY_BODY = YES;
				CLANG_WARN_ENUM_CONVERSION = YES;
				CLANG_WARN_INFINITE_RECURSION = YES;
				CLANG_WARN_INT_CONVERSION = YES;
				CLANG_WARN_NON_LITERAL_NULL_CONVERSION = YES;
				CLANG_WARN_OBJC_IMPLICIT_RETAIN_SELF = YES;
				CLANG_WARN_OBJC_LITERAL_CONVERSION = YES;
				CLANG_WARN_OBJC_ROOT_CLASS = YES_ERROR;
				CLANG_WARN_RANGE_LOOP_ANALYSIS = YES;
				CLANG_WARN_STRICT_PROTOTYPES = YES;
				CLANG_WARN_SUSPICIOUS_MOVE = YES;
				CLANG_WARN_UNGUARDED_AVAILABILITY = YES_AGGRESSIVE;
				CLANG_WARN_UNREACHABLE_CODE = YES;
				CLANG_WARN__DUPLICATE_METHOD_MATCH = YES;
				CODE_SIGN_IDENTITY = "iPhone Developer";
				COPY_PHASE_STRIP = NO;
				DEBUG_INFORMATION_FORMAT = dwarf;
				ENABLE_STRICT_OBJC_MSGSEND = YES;
				ENABLE_TESTABILITY = YES;
				GCC_C_LANGUAGE_STANDARD = gnu11;
				GCC_DYNAMIC_NO_PIC = NO;
				GCC_NO_COMMON_BLOCKS = YES;
				GCC_OPTIMIZATION_LEVEL = 0;
				GCC_PREPROCESSOR_DEFINITIONS = (
					"DEBUG=1",
					"$(inherited)",
				);
				GCC_WARN_64_TO_32_BIT_CONVERSION = YES;
				GCC_WARN_ABOUT_RETURN_TYPE = YES_ERROR;
				GCC_WARN_UNDECLARED_SELECTOR = YES;
				GCC_WARN_UNINITIALIZED_AUTOS = YES_AGGRESSIVE;
				GCC_WARN_UNUSED_FUNCTION = YES;
				GCC_WARN_UNUSED_VARIABLE = YES;
				IPHONEOS_DEPLOYMENT_TARGET = 12.2;
				MTL_ENABLE_DEBUG_INFO = INCLUDE_SOURCE;
				MTL_FAST_MATH = YES;
				ONLY_ACTIVE_ARCH = YES;
				SDKROOT = iphoneos;
				SWIFT_ACTIVE_COMPILATION_CONDITIONS = DEBUG;
				SWIFT_OPTIMIZATION_LEVEL = "-Onone";
			};
			name = Debug;
		};
		5B4BD70A223D65A700F636D7 /* Release */ = {
			isa = XCBuildConfiguration;
			buildSettings = {
				ALWAYS_SEARCH_USER_PATHS = NO;
				CLANG_ANALYZER_NONNULL = YES;
				CLANG_ANALYZER_NUMBER_OBJECT_CONVERSION = YES_AGGRESSIVE;
				CLANG_CXX_LANGUAGE_STANDARD = "gnu++14";
				CLANG_CXX_LIBRARY = "libc++";
				CLANG_ENABLE_MODULES = YES;
				CLANG_ENABLE_OBJC_ARC = YES;
				CLANG_ENABLE_OBJC_WEAK = YES;
				CLANG_WARN_BLOCK_CAPTURE_AUTORELEASING = YES;
				CLANG_WARN_BOOL_CONVERSION = YES;
				CLANG_WARN_COMMA = YES;
				CLANG_WARN_CONSTANT_CONVERSION = YES;
				CLANG_WARN_DEPRECATED_OBJC_IMPLEMENTATIONS = YES;
				CLANG_WARN_DIRECT_OBJC_ISA_USAGE = YES_ERROR;
				CLANG_WARN_DOCUMENTATION_COMMENTS = YES;
				CLANG_WARN_EMPTY_BODY = YES;
				CLANG_WARN_ENUM_CONVERSION = YES;
				CLANG_WARN_INFINITE_RECURSION = YES;
				CLANG_WARN_INT_CONVERSION = YES;
				CLANG_WARN_NON_LITERAL_NULL_CONVERSION = YES;
				CLANG_WARN_OBJC_IMPLICIT_RETAIN_SELF = YES;
				CLANG_WARN_OBJC_LITERAL_CONVERSION = YES;
				CLANG_WARN_OBJC_ROOT_CLASS = YES_ERROR;
				CLANG_WARN_RANGE_LOOP_ANALYSIS = YES;
				CLANG_WARN_STRICT_PROTOTYPES = YES;
				CLANG_WARN_SUSPICIOUS_MOVE = YES;
				CLANG_WARN_UNGUARDED_AVAILABILITY = YES_AGGRESSIVE;
				CLANG_WARN_UNREACHABLE_CODE = YES;
				CLANG_WARN__DUPLICATE_METHOD_MATCH = YES;
				CODE_SIGN_IDENTITY = "iPhone Developer";
				COPY_PHASE_STRIP = NO;
				DEBUG_INFORMATION_FORMAT = "dwarf-with-dsym";
				ENABLE_NS_ASSERTIONS = NO;
				ENABLE_STRICT_OBJC_MSGSEND = YES;
				GCC_C_LANGUAGE_STANDARD = gnu11;
				GCC_NO_COMMON_BLOCKS = YES;
				GCC_WARN_64_TO_32_BIT_CONVERSION = YES;
				GCC_WARN_ABOUT_RETURN_TYPE = YES_ERROR;
				GCC_WARN_UNDECLARED_SELECTOR = YES;
				GCC_WARN_UNINITIALIZED_AUTOS = YES_AGGRESSIVE;
				GCC_WARN_UNUSED_FUNCTION = YES;
				GCC_WARN_UNUSED_VARIABLE = YES;
				IPHONEOS_DEPLOYMENT_TARGET = 12.2;
				MTL_ENABLE_DEBUG_INFO = NO;
				MTL_FAST_MATH = YES;
				SDKROOT = iphoneos;
				SWIFT_COMPILATION_MODE = wholemodule;
				SWIFT_OPTIMIZATION_LEVEL = "-O";
				VALIDATE_PRODUCT = YES;
			};
			name = Release;
		};
		5B4BD70C223D65A700F636D7 /* Debug */ = {
			isa = XCBuildConfiguration;
			buildSettings = {
				ASSETCATALOG_COMPILER_APPICON_NAME = AppIcon;
				CODE_SIGN_STYLE = Automatic;
				DEVELOPMENT_TEAM = JU7YRFBY5V;
				INFOPLIST_FILE = SheHacksAPP/Info.plist;
				LD_RUNPATH_SEARCH_PATHS = (
					"$(inherited)",
					"@executable_path/Frameworks",
				);
				PRODUCT_BUNDLE_IDENTIFIER = KavitaBassi.SheHacksAPP;
				PRODUCT_NAME = "$(TARGET_NAME)";
				SWIFT_VERSION = 5.0;
				TARGETED_DEVICE_FAMILY = "1,2";
			};
			name = Debug;
		};
		5B4BD70D223D65A700F636D7 /* Release */ = {
			isa = XCBuildConfiguration;
			buildSettings = {
				ASSETCATALOG_COMPILER_APPICON_NAME = AppIcon;
				CODE_SIGN_STYLE = Automatic;
				DEVELOPMENT_TEAM = JU7YRFBY5V;
				INFOPLIST_FILE = SheHacksAPP/Info.plist;
				LD_RUNPATH_SEARCH_PATHS = (
					"$(inherited)",
					"@executable_path/Frameworks",
				);
				PRODUCT_BUNDLE_IDENTIFIER = KavitaBassi.SheHacksAPP;
				PRODUCT_NAME = "$(TARGET_NAME)";
				SWIFT_VERSION = 5.0;
				TARGETED_DEVICE_FAMILY = "1,2";
			};
			name = Release;
		};
		5B4BD70F223D65A700F636D7 /* Debug */ = {
			isa = XCBuildConfiguration;
			buildSettings = {
				ALWAYS_EMBED_SWIFT_STANDARD_LIBRARIES = YES;
				BUNDLE_LOADER = "$(TEST_HOST)";
				CODE_SIGN_STYLE = Automatic;
				DEVELOPMENT_TEAM = JU7YRFBY5V;
				INFOPLIST_FILE = SheHacksAPPTests/Info.plist;
				LD_RUNPATH_SEARCH_PATHS = (
					"$(inherited)",
					"@executable_path/Frameworks",
					"@loader_path/Frameworks",
				);
				PRODUCT_BUNDLE_IDENTIFIER = KavitaBassi.SheHacksAPPTests;
				PRODUCT_NAME = "$(TARGET_NAME)";
				SWIFT_VERSION = 5.0;
				TARGETED_DEVICE_FAMILY = "1,2";
				TEST_HOST = "$(BUILT_PRODUCTS_DIR)/SheHacksAPP.app/SheHacksAPP";
			};
			name = Debug;
		};
		5B4BD710223D65A700F636D7 /* Release */ = {
			isa = XCBuildConfiguration;
			buildSettings = {
				ALWAYS_EMBED_SWIFT_STANDARD_LIBRARIES = YES;
				BUNDLE_LOADER = "$(TEST_HOST)";
				CODE_SIGN_STYLE = Automatic;
				DEVELOPMENT_TEAM = JU7YRFBY5V;
				INFOPLIST_FILE = SheHacksAPPTests/Info.plist;
				LD_RUNPATH_SEARCH_PATHS = (
					"$(inherited)",
					"@executable_path/Frameworks",
					"@loader_path/Frameworks",
				);
				PRODUCT_BUNDLE_IDENTIFIER = KavitaBassi.SheHacksAPPTests;
				PRODUCT_NAME = "$(TARGET_NAME)";
				SWIFT_VERSION = 5.0;
				TARGETED_DEVICE_FAMILY = "1,2";
				TEST_HOST = "$(BUILT_PRODUCTS_DIR)/SheHacksAPP.app/SheHacksAPP";
			};
			name = Release;
		};
		5B4BD712223D65A700F636D7 /* Debug */ = {
			isa = XCBuildConfiguration;
			buildSettings = {
				ALWAYS_EMBED_SWIFT_STANDARD_LIBRARIES = YES;
				CODE_SIGN_STYLE = Automatic;
				DEVELOPMENT_TEAM = JU7YRFBY5V;
				INFOPLIST_FILE = SheHacksAPPUITests/Info.plist;
				LD_RUNPATH_SEARCH_PATHS = (
					"$(inherited)",
					"@executable_path/Frameworks",
					"@loader_path/Frameworks",
				);
				PRODUCT_BUNDLE_IDENTIFIER = KavitaBassi.SheHacksAPPUITests;
				PRODUCT_NAME = "$(TARGET_NAME)";
				SWIFT_VERSION = 5.0;
				TARGETED_DEVICE_FAMILY = "1,2";
				TEST_TARGET_NAME = SheHacksAPP;
			};
			name = Debug;
		};
		5B4BD713223D65A700F636D7 /* Release */ = {
			isa = XCBuildConfiguration;
			buildSettings = {
				ALWAYS_EMBED_SWIFT_STANDARD_LIBRARIES = YES;
				CODE_SIGN_STYLE = Automatic;
				DEVELOPMENT_TEAM = JU7YRFBY5V;
				INFOPLIST_FILE = SheHacksAPPUITests/Info.plist;
				LD_RUNPATH_SEARCH_PATHS = (
					"$(inherited)",
					"@executable_path/Frameworks",
					"@loader_path/Frameworks",
				);
				PRODUCT_BUNDLE_IDENTIFIER = KavitaBassi.SheHacksAPPUITests;
				PRODUCT_NAME = "$(TARGET_NAME)";
				SWIFT_VERSION = 5.0;
				TARGETED_DEVICE_FAMILY = "1,2";
				TEST_TARGET_NAME = SheHacksAPP;
			};
			name = Release;
		};
/* End XCBuildConfiguration section */

/* Begin XCConfigurationList section */
		5B4BD6DC223D65A600F636D7 /* Build configuration list for PBXProject "SheHacksAPP" */ = {
			isa = XCConfigurationList;
			buildConfigurations = (
				5B4BD709223D65A700F636D7 /* Debug */,
				5B4BD70A223D65A700F636D7 /* Release */,
			);
			defaultConfigurationIsVisible = 0;
			defaultConfigurationName = Release;
		};
		5B4BD70B223D65A700F636D7 /* Build configuration list for PBXNativeTarget "SheHacksAPP" */ = {
			isa = XCConfigurationList;
			buildConfigurations = (
				5B4BD70C223D65A700F636D7 /* Debug */,
				5B4BD70D223D65A700F636D7 /* Release */,
			);
			defaultConfigurationIsVisible = 0;
			defaultConfigurationName = Release;
		};
		5B4BD70E223D65A700F636D7 /* Build configuration list for PBXNativeTarget "SheHacksAPPTests" */ = {
			isa = XCConfigurationList;
			buildConfigurations = (
				5B4BD70F223D65A700F636D7 /* Debug */,
				5B4BD710223D65A700F636D7 /* Release */,
			);
			defaultConfigurationIsVisible = 0;
			defaultConfigurationName = Release;
		};
		5B4BD711223D65A700F636D7 /* Build configuration list for PBXNativeTarget "SheHacksAPPUITests" */ = {
			isa = XCConfigurationList;
			buildConfigurations = (
				5B4BD712223D65A700F636D7 /* Debug */,
				5B4BD713223D65A700F636D7 /* Release */,
			);
			defaultConfigurationIsVisible = 0;
			defaultConfigurationName = Release;
		};
/* End XCConfigurationList section */
	};
	rootObject = 5B4BD6D9223D65A600F636D7 /* Project object */;
}
